
Microsoft Visual Studio Solution File, Format Version 12.00
# Visual Studio Version 17
VisualStudioVersion = 17.10.35122.118
MinimumVisualStudioVersion = 10.0.40219.1
Project("{888888A0-9F3D-457C-B088-3A5042F75D52}") = "RandMapGenPyTurtle", "RandMapGenPyTurtle\RandMapGenPyTurtle.pyproj", "{09414A8D-82C7-412D-A4FF-68CFB54F4EF9}"
EndProject
Global
	GlobalSection(SolutionConfigurationPlatforms) = preSolution
		Debug|Any CPU = Debug|Any CPU
		Release|Any CPU = Release|Any CPU
	EndGlobalSection
	GlobalSection(ProjectConfigurationPlatforms) = postSolution
		{09414A8D-82C7-412D-A4FF-68CFB54F4EF9}.Debug|Any CPU.ActiveCfg = Debug|Any CPU
		{09414A8D-82C7-412D-A4FF-68CFB54F4EF9}.Release|Any CPU.ActiveCfg = Release|Any CPU
	EndGlobalSection
	GlobalSection(SolutionProperties) = preSolution
		HideSolutionNode = FALSE
	EndGlobalSection
	GlobalSection(ExtensibilityGlobals) = postSolution
		SolutionGuid = {D65C733A-361E-46A3-A6A5-682072B64196}
	EndGlobalSection
EndGlobal
